
Microsoft Visual Studio Solution File, Format Version 12.00
# Visual Studio Version 16
VisualStudioVersion = 16.0.33130.400
MinimumVisualStudioVersion = 10.0.40219.1
Project("{FAE04EC0-301F-11D3-BF4B-00C04F79EFBC}") = "JUUL_Export", "JUUL_Export.csproj", "{1BC0C4CA-CC08-42EC-AA2F-ED08A43B7B9B}"
EndProject
Global
	GlobalSection(SolutionConfigurationPlatforms) = preSolution
		Debug|Any CPU = Debug|Any CPU
		Release|Any CPU = Release|Any CPU
	EndGlobalSection
	GlobalSection(ProjectConfigurationPlatforms) = postSolution
		{1BC0C4CA-CC08-42EC-AA2F-ED08A43B7B9B}.Debug|Any CPU.ActiveCfg = Debug|Any CPU
		{1BC0C4CA-CC08-42EC-AA2F-ED08A43B7B9B}.Debug|Any CPU.Build.0 = Debug|Any CPU
		{1BC0C4CA-CC08-42EC-AA2F-ED08A43B7B9B}.Release|Any CPU.ActiveCfg = Release|Any CPU
		{1BC0C4CA-CC08-42EC-AA2F-ED08A43B7B9B}.Release|Any CPU.Build.0 = Release|Any CPU
	EndGlobalSection
	GlobalSection(SolutionProperties) = preSolution
		HideSolutionNode = FALSE
	EndGlobalSection
	GlobalSection(ExtensibilityGlobals) = postSolution
		SolutionGuid = {2E3B84C4-959F-4532-A89D-913138D7DF53}
	EndGlobalSection
EndGlobal
